
Microsoft Visual Studio Solution File, Format Version 12.00
# Visual Studio Version 16
VisualStudioVersion = 16.0.31515.178
MinimumVisualStudioVersion = 10.0.40219.1
Project("{FAE04EC0-301F-11D3-BF4B-00C04F79EFBC}") = "GUIWinForms", "GUIWinForms.csproj", "{D08C9660-8AA3-473C-9338-0F45DF6CD6B3}"
EndProject
Global
	GlobalSection(SolutionConfigurationPlatforms) = preSolution
		Debug|Any CPU = Debug|Any CPU
		Release|Any CPU = Release|Any CPU
	EndGlobalSection
	GlobalSection(ProjectConfigurationPlatforms) = postSolution
		{D08C9660-8AA3-473C-9338-0F45DF6CD6B3}.Debug|Any CPU.ActiveCfg = Debug|Any CPU
		{D08C9660-8AA3-473C-9338-0F45DF6CD6B3}.Debug|Any CPU.Build.0 = Debug|Any CPU
		{D08C9660-8AA3-473C-9338-0F45DF6CD6B3}.Release|Any CPU.ActiveCfg = Release|Any CPU
		{D08C9660-8AA3-473C-9338-0F45DF6CD6B3}.Release|Any CPU.Build.0 = Release|Any CPU
	EndGlobalSection
	GlobalSection(SolutionProperties) = preSolution
		HideSolutionNode = FALSE
	EndGlobalSection
	GlobalSection(ExtensibilityGlobals) = postSolution
		SolutionGuid = {50F93461-CB72-4EA9-BE52-1965A29C72D4}
	EndGlobalSection
EndGlobal
